// !$*UTF8*$!
{
	archiveVersion = 1;
	classes = {
	};
	objectVersion = 46;
	objects = {

/* Begin PBXBuildFile section */
		450625321DE5C63100A52D90 /* EditingComicsController.swift in Sources */ = {isa = PBXBuildFile; fileRef = 450625311DE5C63100A52D90 /* EditingComicsController.swift */; };
		45385B551DD9D0BC0005F537 /* MakeComicsController.swift in Sources */ = {isa = PBXBuildFile; fileRef = 45385B541DD9D0BC0005F537 /* MakeComicsController.swift */; };
		45385B571DD9D31D0005F537 /* ElementsTemplateController.swift in Sources */ = {isa = PBXBuildFile; fileRef = 45385B561DD9D31D0005F537 /* ElementsTemplateController.swift */; };
		45385B5A1DD9DA410005F537 /* Elements.swift in Sources */ = {isa = PBXBuildFile; fileRef = 45385B591DD9DA410005F537 /* Elements.swift */; };
		45385B5C1DD9DE180005F537 /* Templates.swift in Sources */ = {isa = PBXBuildFile; fileRef = 45385B5B1DD9DE180005F537 /* Templates.swift */; };
		4592F1DD1DE099D3002A44EE /* EditingComics.swift in Sources */ = {isa = PBXBuildFile; fileRef = 4592F1DC1DE099D3002A44EE /* EditingComics.swift */; };
		4599F45E1DEC56FE00C24AF1 /* Images.xcassets in Resources */ = {isa = PBXBuildFile; fileRef = 4599F45D1DEC56FE00C24AF1 /* Images.xcassets */; };
		45CBBDF01DDB17A800587786 /* TemplateController.swift in Sources */ = {isa = PBXBuildFile; fileRef = 45CBBDEF1DDB17A800587786 /* TemplateController.swift */; };
		45CBBDF21DDB1BCE00587786 /* CurrentTemplate.swift in Sources */ = {isa = PBXBuildFile; fileRef = 45CBBDF11DDB1BCE00587786 /* CurrentTemplate.swift */; };
		45CBBDF41DDB4F9000587786 /* SelectTemplateController.swift in Sources */ = {isa = PBXBuildFile; fileRef = 45CBBDF31DDB4F9000587786 /* SelectTemplateController.swift */; };
		45CBBDF71DDC73E900587786 /* JSONHelper.swift in Sources */ = {isa = PBXBuildFile; fileRef = 45CBBDF61DDC73E900587786 /* JSONHelper.swift */; };
		45CBBDF91DDC8E8100587786 /* ComicsDB.swift in Sources */ = {isa = PBXBuildFile; fileRef = 45CBBDF81DDC8E8100587786 /* ComicsDB.swift */; };
		45E09D231DD9CD9500374668 /* AppDelegate.swift in Sources */ = {isa = PBXBuildFile; fileRef = 45E09D221DD9CD9500374668 /* AppDelegate.swift */; };
		45E09D251DD9CD9500374668 /* ViewController.swift in Sources */ = {isa = PBXBuildFile; fileRef = 45E09D241DD9CD9500374668 /* ViewController.swift */; };
		45E09D281DD9CD9500374668 /* Main.storyboard in Resources */ = {isa = PBXBuildFile; fileRef = 45E09D261DD9CD9500374668 /* Main.storyboard */; };
		45E09D2B1DD9CD9500374668 /* Comics.xcdatamodeld in Sources */ = {isa = PBXBuildFile; fileRef = 45E09D291DD9CD9500374668 /* Comics.xcdatamodeld */; };
		45E09D2D1DD9CD9500374668 /* Assets.xcassets in Resources */ = {isa = PBXBuildFile; fileRef = 45E09D2C1DD9CD9500374668 /* Assets.xcassets */; };
		45E09D301DD9CD9500374668 /* LaunchScreen.storyboard in Resources */ = {isa = PBXBuildFile; fileRef = 45E09D2E1DD9CD9500374668 /* LaunchScreen.storyboard */; };
		45E4AB6D1DDC94C5007EBE13 /* Area.swift in Sources */ = {isa = PBXBuildFile; fileRef = 45E4AB6C1DDC94C5007EBE13 /* Area.swift */; };
		45E4AB6F1DDC9707007EBE13 /* Elementdb.swift in Sources */ = {isa = PBXBuildFile; fileRef = 45E4AB6E1DDC9707007EBE13 /* Elementdb.swift */; };
		45E4AB711DDC9B23007EBE13 /* PageDB.swift in Sources */ = {isa = PBXBuildFile; fileRef = 45E4AB701DDC9B23007EBE13 /* PageDB.swift */; };
		45E4AB741DDC9DF3007EBE13 /* ComicsDBHelper.swift in Sources */ = {isa = PBXBuildFile; fileRef = 45E4AB731DDC9DF3007EBE13 /* ComicsDBHelper.swift */; };
		45E4AB761DDDCB3E007EBE13 /* TopApps.json in Resources */ = {isa = PBXBuildFile; fileRef = 45E4AB751DDDCB3E007EBE13 /* TopApps.json */; };
		45E4AB781DDDD03B007EBE13 /* HandlingController.swift in Sources */ = {isa = PBXBuildFile; fileRef = 45E4AB771DDDD03B007EBE13 /* HandlingController.swift */; };
		45EF1AF81DE0725300582577 /* ControllerGalery.swift in Sources */ = {isa = PBXBuildFile; fileRef = 45EF1AF71DE0725300582577 /* ControllerGalery.swift */; };
		45EF1AFA1DE0759B00582577 /* Galery.swift in Sources */ = {isa = PBXBuildFile; fileRef = 45EF1AF91DE0759B00582577 /* Galery.swift */; };
		45EF1AFC1DE0795400582577 /* Imgasize.swift in Sources */ = {isa = PBXBuildFile; fileRef = 45EF1AFB1DE0795400582577 /* Imgasize.swift */; };
		477EED1C179551A709EEEDDD /* Pods_Comics.framework in Frameworks */ = {isa = PBXBuildFile; fileRef = 4989FCB531C94FBBC1F1ABC0 /* Pods_Comics.framework */; };
/* End PBXBuildFile section */

/* Begin PBXFileReference section */
		450625311DE5C63100A52D90 /* EditingComicsController.swift */ = {isa = PBXFileReference; fileEncoding = 4; lastKnownFileType = sourcecode.swift; path = EditingComicsController.swift; sourceTree = "<group>"; };
		45385B541DD9D0BC0005F537 /* MakeComicsController.swift */ = {isa = PBXFileReference; fileEncoding = 4; lastKnownFileType = sourcecode.swift; path = MakeComicsController.swift; sourceTree = "<group>"; };
		45385B561DD9D31D0005F537 /* ElementsTemplateController.swift */ = {isa = PBXFileReference; fileEncoding = 4; lastKnownFileType = sourcecode.swift; path = ElementsTemplateController.swift; sourceTree = "<group>"; };
		45385B591DD9DA410005F537 /* Elements.swift */ = {isa = PBXFileReference; fileEncoding = 4; lastKnownFileType = sourcecode.swift; path = Elements.swift; sourceTree = "<group>"; };
		45385B5B1DD9DE180005F537 /* Templates.swift */ = {isa = PBXFileReference; fileEncoding = 4; lastKnownFileType = sourcecode.swift; path = Templates.swift; sourceTree = "<group>"; };
		4592F1DC1DE099D3002A44EE /* EditingComics.swift */ = {isa = PBXFileReference; fileEncoding = 4; lastKnownFileType = sourcecode.swift; path = EditingComics.swift; sourceTree = "<group>"; };
		4599F45D1DEC56FE00C24AF1 /* Images.xcassets */ = {isa = PBXFileReference; lastKnownFileType = folder.assetcatalog; path = Images.xcassets; sourceTree = "<group>"; };
		45CBBDEF1DDB17A800587786 /* TemplateController.swift */ = {isa = PBXFileReference; fileEncoding = 4; lastKnownFileType = sourcecode.swift; path = TemplateController.swift; sourceTree = "<group>"; };
		45CBBDF11DDB1BCE00587786 /* CurrentTemplate.swift */ = {isa = PBXFileReference; fileEncoding = 4; lastKnownFileType = sourcecode.swift; path = CurrentTemplate.swift; sourceTree = "<group>"; };
		45CBBDF31DDB4F9000587786 /* SelectTemplateController.swift */ = {isa = PBXFileReference; fileEncoding = 4; lastKnownFileType = sourcecode.swift; path = SelectTemplateController.swift; sourceTree = "<group>"; };
		45CBBDF61DDC73E900587786 /* JSONHelper.swift */ = {isa = PBXFileReference; fileEncoding = 4; lastKnownFileType = sourcecode.swift; path = JSONHelper.swift; sourceTree = "<group>"; };
		45CBBDF81DDC8E8100587786 /* ComicsDB.swift */ = {isa = PBXFileReference; fileEncoding = 4; lastKnownFileType = sourcecode.swift; path = ComicsDB.swift; sourceTree = "<group>"; };
		45E09D1F1DD9CD9500374668 /* Comics.app */ = {isa = PBXFileReference; explicitFileType = wrapper.application; includeInIndex = 0; path = Comics.app; sourceTree = BUILT_PRODUCTS_DIR; };
		45E09D221DD9CD9500374668 /* AppDelegate.swift */ = {isa = PBXFileReference; lastKnownFileType = sourcecode.swift; path = AppDelegate.swift; sourceTree = "<group>"; };
		45E09D241DD9CD9500374668 /* ViewController.swift */ = {isa = PBXFileReference; lastKnownFileType = sourcecode.swift; path = ViewController.swift; sourceTree = "<group>"; };
		45E09D271DD9CD9500374668 /* Base */ = {isa = PBXFileReference; lastKnownFileType = file.storyboard; name = Base; path = Base.lproj/Main.storyboard; sourceTree = "<group>"; };
		45E09D2A1DD9CD9500374668 /* Comics.xcdatamodel */ = {isa = PBXFileReference; lastKnownFileType = wrapper.xcdatamodel; path = Comics.xcdatamodel; sourceTree = "<group>"; };
		45E09D2C1DD9CD9500374668 /* Assets.xcassets */ = {isa = PBXFileReference; lastKnownFileType = folder.assetcatalog; path = Assets.xcassets; sourceTree = "<group>"; };
		45E09D2F1DD9CD9500374668 /* Base */ = {isa = PBXFileReference; lastKnownFileType = file.storyboard; name = Base; path = Base.lproj/LaunchScreen.storyboard; sourceTree = "<group>"; };
		45E09D311DD9CD9500374668 /* Info.plist */ = {isa = PBXFileReference; lastKnownFileType = text.plist.xml; path = Info.plist; sourceTree = "<group>"; };
		45E4AB6C1DDC94C5007EBE13 /* Area.swift */ = {isa = PBXFileReference; fileEncoding = 4; lastKnownFileType = sourcecode.swift; path = Area.swift; sourceTree = "<group>"; };
		45E4AB6E1DDC9707007EBE13 /* Elementdb.swift */ = {isa = PBXFileReference; fileEncoding = 4; lastKnownFileType = sourcecode.swift; path = Elementdb.swift; sourceTree = "<group>"; };
		45E4AB701DDC9B23007EBE13 /* PageDB.swift */ = {isa = PBXFileReference; fileEncoding = 4; lastKnownFileType = sourcecode.swift; path = PageDB.swift; sourceTree = "<group>"; };
		45E4AB731DDC9DF3007EBE13 /* ComicsDBHelper.swift */ = {isa = PBXFileReference; fileEncoding = 4; lastKnownFileType = sourcecode.swift; path = ComicsDBHelper.swift; sourceTree = "<group>"; };
		45E4AB751DDDCB3E007EBE13 /* TopApps.json */ = {isa = PBXFileReference; fileEncoding = 4; lastKnownFileType = text.json; path = TopApps.json; sourceTree = SOURCE_ROOT; };
		45E4AB771DDDD03B007EBE13 /* HandlingController.swift */ = {isa = PBXFileReference; fileEncoding = 4; lastKnownFileType = sourcecode.swift; path = HandlingController.swift; sourceTree = "<group>"; };
		45EF1AF71DE0725300582577 /* ControllerGalery.swift */ = {isa = PBXFileReference; fileEncoding = 4; lastKnownFileType = sourcecode.swift; path = ControllerGalery.swift; sourceTree = "<group>"; };
		45EF1AF91DE0759B00582577 /* Galery.swift */ = {isa = PBXFileReference; fileEncoding = 4; lastKnownFileType = sourcecode.swift; name = Galery.swift; path = Comics/Galery.swift; sourceTree = "<group>"; };
		45EF1AFB1DE0795400582577 /* Imgasize.swift */ = {isa = PBXFileReference; fileEncoding = 4; lastKnownFileType = sourcecode.swift; name = Imgasize.swift; path = ../Imgasize.swift; sourceTree = "<group>"; };
		4989FCB531C94FBBC1F1ABC0 /* Pods_Comics.framework */ = {isa = PBXFileReference; explicitFileType = wrapper.framework; includeInIndex = 0; path = Pods_Comics.framework; sourceTree = BUILT_PRODUCTS_DIR; };
		AE2EC568583A557E5349BB5E /* Pods-Comics.debug.xcconfig */ = {isa = PBXFileReference; includeInIndex = 1; lastKnownFileType = text.xcconfig; name = "Pods-Comics.debug.xcconfig"; path = "Pods/Target Support Files/Pods-Comics/Pods-Comics.debug.xcconfig"; sourceTree = "<group>"; };
		D756544F75692FDE120127AB /* Pods-Comics.release.xcconfig */ = {isa = PBXFileReference; includeInIndex = 1; lastKnownFileType = text.xcconfig; name = "Pods-Comics.release.xcconfig"; path = "Pods/Target Support Files/Pods-Comics/Pods-Comics.release.xcconfig"; sourceTree = "<group>"; };
/* End PBXFileReference section */

/* Begin PBXFrameworksBuildPhase section */
		45E09D1C1DD9CD9400374668 /* Frameworks */ = {
			isa = PBXFrameworksBuildPhase;
			buildActionMask = 2147483647;
			files = (
				477EED1C179551A709EEEDDD /* Pods_Comics.framework in Frameworks */,
			);
			runOnlyForDeploymentPostprocessing = 0;
		};
/* End PBXFrameworksBuildPhase section */

/* Begin PBXGroup section */
		43A7B01FDB12375E2ABF4DEF /* Pods */ = {
			isa = PBXGroup;
			children = (
				AE2EC568583A557E5349BB5E /* Pods-Comics.debug.xcconfig */,
				D756544F75692FDE120127AB /* Pods-Comics.release.xcconfig */,
			);
			name = Pods;
			sourceTree = "<group>";
		};
		45385B581DD9DA300005F537 /* Models */ = {
			isa = PBXGroup;
			children = (
				45E4AB6C1DDC94C5007EBE13 /* Area.swift */,
				45CBBDF81DDC8E8100587786 /* ComicsDB.swift */,
				45CBBDF11DDB1BCE00587786 /* CurrentTemplate.swift */,
				4592F1DC1DE099D3002A44EE /* EditingComics.swift */,
				45E4AB6E1DDC9707007EBE13 /* Elementdb.swift */,
				45385B591DD9DA410005F537 /* Elements.swift */,
				45EF1AF91DE0759B00582577 /* Galery.swift */,
				45E4AB701DDC9B23007EBE13 /* PageDB.swift */,
				45385B5B1DD9DE180005F537 /* Templates.swift */,
			);
			name = Models;
			path = ..;
			sourceTree = "<group>";
		};
		45CBBDF51DDC73CD00587786 /* JSONHelper */ = {
			isa = PBXGroup;
			children = (
				45CBBDF61DDC73E900587786 /* JSONHelper.swift */,
			);
			name = JSONHelper;
			path = ..;
			sourceTree = "<group>";
		};
		45E09D161DD9CD9400374668 = {
			isa = PBXGroup;
			children = (
				45E09D211DD9CD9500374668 /* Comics */,
				45E09D201DD9CD9500374668 /* Products */,
				43A7B01FDB12375E2ABF4DEF /* Pods */,
				5BB33FD3BEB438CF9998C9AD /* Frameworks */,
			);
			sourceTree = "<group>";
		};
		45E09D201DD9CD9500374668 /* Products */ = {
			isa = PBXGroup;
			children = (
				45E09D1F1DD9CD9500374668 /* Comics.app */,
			);
			name = Products;
			sourceTree = "<group>";
		};
		45E09D211DD9CD9500374668 /* Comics */ = {
			isa = PBXGroup;
			children = (
				45E4AB751DDDCB3E007EBE13 /* TopApps.json */,
				45E09D311DD9CD9500374668 /* Info.plist */,
				45E09D221DD9CD9500374668 /* AppDelegate.swift */,
				45EF1AF71DE0725300582577 /* ControllerGalery.swift */,
				450625311DE5C63100A52D90 /* EditingComicsController.swift */,
				45385B561DD9D31D0005F537 /* ElementsTemplateController.swift */,
				45E4AB771DDDD03B007EBE13 /* HandlingController.swift */,
				45EF1AFB1DE0795400582577 /* Imgasize.swift */,
				45385B541DD9D0BC0005F537 /* MakeComicsController.swift */,
				45CBBDF31DDB4F9000587786 /* SelectTemplateController.swift */,
				45CBBDEF1DDB17A800587786 /* TemplateController.swift */,
				45E09D241DD9CD9500374668 /* ViewController.swift */,
				45E09D2C1DD9CD9500374668 /* Assets.xcassets */,
				45E09D291DD9CD9500374668 /* Comics.xcdatamodeld */,
				45E4AB721DDC9DD7007EBE13 /* DBHelper */,
				45CBBDF51DDC73CD00587786 /* JSONHelper */,
				45E09D2E1DD9CD9500374668 /* LaunchScreen.storyboard */,
				45E09D261DD9CD9500374668 /* Main.storyboard */,
				45385B581DD9DA300005F537 /* Models */,
				4599F45D1DEC56FE00C24AF1 /* Images.xcassets */,
			);
			path = Comics;
			sourceTree = "<group>";
		};
		45E4AB721DDC9DD7007EBE13 /* DBHelper */ = {
			isa = PBXGroup;
			children = (
				45E4AB731DDC9DF3007EBE13 /* ComicsDBHelper.swift */,
			);
			name = DBHelper;
			path = ..;
			sourceTree = "<group>";
		};
		5BB33FD3BEB438CF9998C9AD /* Frameworks */ = {
			isa = PBXGroup;
			children = (
				4989FCB531C94FBBC1F1ABC0 /* Pods_Comics.framework */,
			);
			name = Frameworks;
			sourceTree = "<group>";
		};
/* End PBXGroup section */

/* Begin PBXNativeTarget section */
		45E09D1E1DD9CD9400374668 /* Comics */ = {
			isa = PBXNativeTarget;
			buildConfigurationList = 45E09D341DD9CD9500374668 /* Build configuration list for PBXNativeTarget "Comics" */;
			buildPhases = (
				55C0FBA4B710E71EAD477C1B /* [CP] Check Pods Manifest.lock */,
				45E09D1B1DD9CD9400374668 /* Sources */,
				45E09D1C1DD9CD9400374668 /* Frameworks */,
				45E09D1D1DD9CD9400374668 /* Resources */,
				F32FE7533E629D40C604B3FE /* [CP] Embed Pods Frameworks */,
				619049F2F89821B427B90743 /* [CP] Copy Pods Resources */,
			);
			buildRules = (
			);
			dependencies = (
			);
			name = Comics;
			productName = Comics;
			productReference = 45E09D1F1DD9CD9500374668 /* Comics.app */;
			productType = "com.apple.product-type.application";
		};
/* End PBXNativeTarget section */

/* Begin PBXProject section */
		45E09D171DD9CD9400374668 /* Project object */ = {
			isa = PBXProject;
			attributes = {
				LastSwiftUpdateCheck = 0810;
				LastUpgradeCheck = 0810;
				ORGANIZATIONNAME = "Andrey Apet";
				TargetAttributes = {
					45E09D1E1DD9CD9400374668 = {
						CreatedOnToolsVersion = 8.1;
						ProvisioningStyle = Automatic;
					};
				};
			};
			buildConfigurationList = 45E09D1A1DD9CD9400374668 /* Build configuration list for PBXProject "Comics" */;
			compatibilityVersion = "Xcode 3.2";
			developmentRegion = English;
			hasScannedForEncodings = 0;
			knownRegions = (
				en,
				Base,
			);
			mainGroup = 45E09D161DD9CD9400374668;
			productRefGroup = 45E09D201DD9CD9500374668 /* Products */;
			projectDirPath = "";
			projectRoot = "";
			targets = (
				45E09D1E1DD9CD9400374668 /* Comics */,
			);
		};
/* End PBXProject section */

/* Begin PBXResourcesBuildPhase section */
		45E09D1D1DD9CD9400374668 /* Resources */ = {
			isa = PBXResourcesBuildPhase;
			buildActionMask = 2147483647;
			files = (
				45E09D301DD9CD9500374668 /* LaunchScreen.storyboard in Resources */,
				4599F45E1DEC56FE00C24AF1 /* Images.xcassets in Resources */,
				45E09D2D1DD9CD9500374668 /* Assets.xcassets in Resources */,
				45E09D281DD9CD9500374668 /* Main.storyboard in Resources */,
				45E4AB761DDDCB3E007EBE13 /* TopApps.json in Resources */,
			);
			runOnlyForDeploymentPostprocessing = 0;
		};
/* End PBXResourcesBuildPhase section */

/* Begin PBXShellScriptBuildPhase section */
		55C0FBA4B710E71EAD477C1B /* [CP] Check Pods Manifest.lock */ = {
			isa = PBXShellScriptBuildPhase;
			buildActionMask = 2147483647;
			files = (
			);
			inputPaths = (
			);
			name = "[CP] Check Pods Manifest.lock";
			outputPaths = (
			);
			runOnlyForDeploymentPostprocessing = 0;
			shellPath = /bin/sh;
			shellScript = "diff \"${PODS_ROOT}/../Podfile.lock\" \"${PODS_ROOT}/Manifest.lock\" > /dev/null\nif [ $? != 0 ] ; then\n    # print error to STDERR\n    echo \"error: The sandbox is not in sync with the Podfile.lock. Run 'pod install' or update your CocoaPods installation.\" >&2\n    exit 1\nfi\n";
			showEnvVarsInLog = 0;
		};
		619049F2F89821B427B90743 /* [CP] Copy Pods Resources */ = {
			isa = PBXShellScriptBuildPhase;
			buildActionMask = 2147483647;
			files = (
			);
			inputPaths = (
			);
			name = "[CP] Copy Pods Resources";
			outputPaths = (
			);
			runOnlyForDeploymentPostprocessing = 0;
			shellPath = /bin/sh;
			shellScript = "\"${SRCROOT}/Pods/Target Support Files/Pods-Comics/Pods-Comics-resources.sh\"\n";
			showEnvVarsInLog = 0;
		};
		F32FE7533E629D40C604B3FE /* [CP] Embed Pods Frameworks */ = {
			isa = PBXShellScriptBuildPhase;
			buildActionMask = 2147483647;
			files = (
			);
			inputPaths = (
			);
			name = "[CP] Embed Pods Frameworks";
			outputPaths = (
			);
			runOnlyForDeploymentPostprocessing = 0;
			shellPath = /bin/sh;
			shellScript = "\"${SRCROOT}/Pods/Target Support Files/Pods-Comics/Pods-Comics-frameworks.sh\"\n";
			showEnvVarsInLog = 0;
		};
/* End PBXShellScriptBuildPhase section */

/* Begin PBXSourcesBuildPhase section */
		45E09D1B1DD9CD9400374668 /* Sources */ = {
			isa = PBXSourcesBuildPhase;
			buildActionMask = 2147483647;
			files = (
				45E09D2B1DD9CD9500374668 /* Comics.xcdatamodeld in Sources */,
				4592F1DD1DE099D3002A44EE /* EditingComics.swift in Sources */,
				45CBBDF91DDC8E8100587786 /* ComicsDB.swift in Sources */,
				45E4AB6F1DDC9707007EBE13 /* Elementdb.swift in Sources */,
				45E4AB741DDC9DF3007EBE13 /* ComicsDBHelper.swift in Sources */,
				45385B551DD9D0BC0005F537 /* MakeComicsController.swift in Sources */,
				45385B5A1DD9DA410005F537 /* Elements.swift in Sources */,
				45CBBDF41DDB4F9000587786 /* SelectTemplateController.swift in Sources */,
				45E4AB711DDC9B23007EBE13 /* PageDB.swift in Sources */,
				45CBBDF01DDB17A800587786 /* TemplateController.swift in Sources */,
				45E09D251DD9CD9500374668 /* ViewController.swift in Sources */,
				45385B5C1DD9DE180005F537 /* Templates.swift in Sources */,
				450625321DE5C63100A52D90 /* EditingComicsController.swift in Sources */,
				45CBBDF21DDB1BCE00587786 /* CurrentTemplate.swift in Sources */,
				45CBBDF71DDC73E900587786 /* JSONHelper.swift in Sources */,
				45EF1AF81DE0725300582577 /* ControllerGalery.swift in Sources */,
				45EF1AFC1DE0795400582577 /* Imgasize.swift in Sources */,
				45385B571DD9D31D0005F537 /* ElementsTemplateController.swift in Sources */,
				45E4AB781DDDD03B007EBE13 /* HandlingController.swift in Sources */,
				45E09D231DD9CD9500374668 /* AppDelegate.swift in Sources */,
				45E4AB6D1DDC94C5007EBE13 /* Area.swift in Sources */,
				45EF1AFA1DE0759B00582577 /* Galery.swift in Sources */,
			);
			runOnlyForDeploymentPostprocessing = 0;
		};
/* End PBXSourcesBuildPhase section */

/* Begin PBXVariantGroup section */
		45E09D261DD9CD9500374668 /* Main.storyboard */ = {
			isa = PBXVariantGroup;
			children = (
				45E09D271DD9CD9500374668 /* Base */,
			);
			name = Main.storyboard;
			sourceTree = "<group>";
		};
		45E09D2E1DD9CD9500374668 /* LaunchScreen.storyboard */ = {
			isa = PBXVariantGroup;
			children = (
				45E09D2F1DD9CD9500374668 /* Base */,
			);
			name = LaunchScreen.storyboard;
			sourceTree = "<group>";
		};
/* End PBXVariantGroup section */

/* Begin XCBuildConfiguration section */
		45E09D321DD9CD9500374668 /* Debug */ = {
			isa = XCBuildConfiguration;
			buildSettings = {
				ALWAYS_SEARCH_USER_PATHS = NO;
				CLANG_ANALYZER_NONNULL = YES;
				CLANG_CXX_LANGUAGE_STANDARD = "gnu++0x";
				CLANG_CXX_LIBRARY = "libc++";
				CLANG_ENABLE_MODULES = YES;
				CLANG_ENABLE_OBJC_ARC = YES;
				CLANG_WARN_BOOL_CONVERSION = YES;
				CLANG_WARN_CONSTANT_CONVERSION = YES;
				CLANG_WARN_DIRECT_OBJC_ISA_USAGE = YES_ERROR;
				CLANG_WARN_DOCUMENTATION_COMMENTS = YES;
				CLANG_WARN_EMPTY_BODY = YES;
				CLANG_WARN_ENUM_CONVERSION = YES;
				CLANG_WARN_INFINITE_RECURSION = YES;
				CLANG_WARN_INT_CONVERSION = YES;
				CLANG_WARN_OBJC_ROOT_CLASS = YES_ERROR;
				CLANG_WARN_SUSPICIOUS_MOVE = YES;
				CLANG_WARN_SUSPICIOUS_MOVES = YES;
				CLANG_WARN_UNREACHABLE_CODE = YES;
				CLANG_WARN__DUPLICATE_METHOD_MATCH = YES;
				"CODE_SIGN_IDENTITY[sdk=iphoneos*]" = "iPhone Developer";
				COPY_PHASE_STRIP = NO;
				DEBUG_INFORMATION_FORMAT = dwarf;
				ENABLE_STRICT_OBJC_MSGSEND = YES;
				ENABLE_TESTABILITY = YES;
				GCC_C_LANGUAGE_STANDARD = gnu99;
				GCC_DYNAMIC_NO_PIC = NO;
				GCC_NO_COMMON_BLOCKS = YES;
				GCC_OPTIMIZATION_LEVEL = 0;
				GCC_PREPROCESSOR_DEFINITIONS = (
					"DEBUG=1",
					"$(inherited)",
				);
				GCC_WARN_64_TO_32_BIT_CONVERSION = YES;
				GCC_WARN_ABOUT_RETURN_TYPE = YES_ERROR;
				GCC_WARN_UNDECLARED_SELECTOR = YES;
				GCC_WARN_UNINITIALIZED_AUTOS = YES_AGGRESSIVE;
				GCC_WARN_UNUSED_FUNCTION = YES;
				GCC_WARN_UNUSED_VARIABLE = YES;
				IPHONEOS_DEPLOYMENT_TARGET = 10.1;
				MTL_ENABLE_DEBUG_INFO = YES;
				ONLY_ACTIVE_ARCH = YES;
				SDKROOT = iphoneos;
				SWIFT_ACTIVE_COMPILATION_CONDITIONS = DEBUG;
				SWIFT_OPTIMIZATION_LEVEL = "-Onone";
				TARGETED_DEVICE_FAMILY = "1,2";
			};
			name = Debug;
		};
		45E09D331DD9CD9500374668 /* Release */ = {
			isa = XCBuildConfiguration;
			buildSettings = {
				ALWAYS_SEARCH_USER_PATHS = NO;
				CLANG_ANALYZER_NONNULL = YES;
				CLANG_CXX_LANGUAGE_STANDARD = "gnu++0x";
				CLANG_CXX_LIBRARY = "libc++";
				CLANG_ENABLE_MODULES = YES;
				CLANG_ENABLE_OBJC_ARC = YES;
				CLANG_WARN_BOOL_CONVERSION = YES;
				CLANG_WARN_CONSTANT_CONVERSION = YES;
				CLANG_WARN_DIRECT_OBJC_ISA_USAGE = YES_ERROR;
				CLANG_WARN_DOCUMENTATION_COMMENTS = YES;
				CLANG_WARN_EMPTY_BODY = YES;
				CLANG_WARN_ENUM_CONVERSION = YES;
				CLANG_WARN_INFINITE_RECURSION = YES;
				CLANG_WARN_INT_CONVERSION = YES;
				CLANG_WARN_OBJC_ROOT_CLASS = YES_ERROR;
				CLANG_WARN_SUSPICIOUS_MOVE = YES;
				CLANG_WARN_SUSPICIOUS_MOVES = YES;
				CLANG_WARN_UNREACHABLE_CODE = YES;
				CLANG_WARN__DUPLICATE_METHOD_MATCH = YES;
				"CODE_SIGN_IDENTITY[sdk=iphoneos*]" = "iPhone Developer";
				COPY_PHASE_STRIP = NO;
				DEBUG_INFORMATION_FORMAT = "dwarf-with-dsym";
				ENABLE_NS_ASSERTIONS = NO;
				ENABLE_STRICT_OBJC_MSGSEND = YES;
				GCC_C_LANGUAGE_STANDARD = gnu99;
				GCC_NO_COMMON_BLOCKS = YES;
				GCC_WARN_64_TO_32_BIT_CONVERSION = YES;
				GCC_WARN_ABOUT_RETURN_TYPE = YES_ERROR;
				GCC_WARN_UNDECLARED_SELECTOR = YES;
				GCC_WARN_UNINITIALIZED_AUTOS = YES_AGGRESSIVE;
				GCC_WARN_UNUSED_FUNCTION = YES;
				GCC_WARN_UNUSED_VARIABLE = YES;
				IPHONEOS_DEPLOYMENT_TARGET = 10.1;
				MTL_ENABLE_DEBUG_INFO = NO;
				SDKROOT = iphoneos;
				SWIFT_OPTIMIZATION_LEVEL = "-Owholemodule";
				TARGETED_DEVICE_FAMILY = "1,2";
				VALIDATE_PRODUCT = YES;
			};
			name = Release;
		};
		45E09D351DD9CD9500374668 /* Debug */ = {
			isa = XCBuildConfiguration;
			baseConfigurationReference = AE2EC568583A557E5349BB5E /* Pods-Comics.debug.xcconfig */;
			buildSettings = {
				ALWAYS_EMBED_SWIFT_STANDARD_LIBRARIES = YES;
				ASSETCATALOG_COMPILER_APPICON_NAME = AppIcon;
				ASSETCATALOG_COMPILER_LAUNCHIMAGE_NAME = LaunchImage;
				INFOPLIST_FILE = Comics/Info.plist;
				LD_RUNPATH_SEARCH_PATHS = "$(inherited) @executable_path/Frameworks";
				PRODUCT_BUNDLE_IDENTIFIER = itra.Comics;
				PRODUCT_NAME = "$(TARGET_NAME)";
				SWIFT_VERSION = 3.0;
			};
			name = Debug;
		};
		45E09D361DD9CD9500374668 /* Release */ = {
			isa = XCBuildConfiguration;
			baseConfigurationReference = D756544F75692FDE120127AB /* Pods-Comics.release.xcconfig */;
			buildSettings = {
				ALWAYS_EMBED_SWIFT_STANDARD_LIBRARIES = YES;
				ASSETCATALOG_COMPILER_APPICON_NAME = AppIcon;
				ASSETCATALOG_COMPILER_LAUNCHIMAGE_NAME = LaunchImage;
				INFOPLIST_FILE = Comics/Info.plist;
				LD_RUNPATH_SEARCH_PATHS = "$(inherited) @executable_path/Frameworks";
				PRODUCT_BUNDLE_IDENTIFIER = itra.Comics;
				PRODUCT_NAME = "$(TARGET_NAME)";
				SWIFT_VERSION = 3.0;
			};
			name = Release;
		};
/* End XCBuildConfiguration section */

/* Begin XCConfigurationList section */
		45E09D1A1DD9CD9400374668 /* Build configuration list for PBXProject "Comics" */ = {
			isa = XCConfigurationList;
			buildConfigurations = (
				45E09D321DD9CD9500374668 /* Debug */,
				45E09D331DD9CD9500374668 /* Release */,
			);
			defaultConfigurationIsVisible = 0;
			defaultConfigurationName = Release;
		};
		45E09D341DD9CD9500374668 /* Build configuration list for PBXNativeTarget "Comics" */ = {
			isa = XCConfigurationList;
			buildConfigurations = (
				45E09D351DD9CD9500374668 /* Debug */,
				45E09D361DD9CD9500374668 /* Release */,
			);
			defaultConfigurationIsVisible = 0;
			defaultConfigurationName = Release;
		};
/* End XCConfigurationList section */

/* Begin XCVersionGroup section */
		45E09D291DD9CD9500374668 /* Comics.xcdatamodeld */ = {
			isa = XCVersionGroup;
			children = (
				45E09D2A1DD9CD9500374668 /* Comics.xcdatamodel */,
			);
			currentVersion = 45E09D2A1DD9CD9500374668 /* Comics.xcdatamodel */;
			path = Comics.xcdatamodeld;
			sourceTree = "<group>";
			versionGroupType = wrapper.xcdatamodel;
		};
/* End XCVersionGroup section */
	};
	rootObject = 45E09D171DD9CD9400374668 /* Project object */;
}
